
Microsoft Visual Studio Solution File, Format Version 12.00
# Visual Studio Version 17
VisualStudioVersion = 17.5.33424.131
MinimumVisualStudioVersion = 10.0.40219.1
Project("{FAE04EC0-301F-11D3-BF4B-00C04F79EFBC}") = "TugasPBOCuaca", "TugasPBOCuaca\TugasPBOCuaca.csproj", "{6410755B-787C-4694-B0F1-24AFD4A80C82}"
EndProject
Global
	GlobalSection(SolutionConfigurationPlatforms) = preSolution
		Debug|Any CPU = Debug|Any CPU
		Release|Any CPU = Release|Any CPU
	EndGlobalSection
	GlobalSection(ProjectConfigurationPlatforms) = postSolution
		{6410755B-787C-4694-B0F1-24AFD4A80C82}.Debug|Any CPU.ActiveCfg = Debug|Any CPU
		{6410755B-787C-4694-B0F1-24AFD4A80C82}.Debug|Any CPU.Build.0 = Debug|Any CPU
		{6410755B-787C-4694-B0F1-24AFD4A80C82}.Release|Any CPU.ActiveCfg = Release|Any CPU
		{6410755B-787C-4694-B0F1-24AFD4A80C82}.Release|Any CPU.Build.0 = Release|Any CPU
	EndGlobalSection
	GlobalSection(SolutionProperties) = preSolution
		HideSolutionNode = FALSE
	EndGlobalSection
	GlobalSection(ExtensibilityGlobals) = postSolution
		SolutionGuid = {533032BC-5D2F-4EA9-94FE-4643073FF695}
	EndGlobalSection
EndGlobal
